// !$*UTF8*$!
{
	archiveVersion = 1;
	classes = {
	};
	objectVersion = 48;
	objects = {

/* Begin PBXBuildFile section */
		FCBDE1E720363F2B004A3289 /* AppDelegate.swift in Sources */ = {isa = PBXBuildFile; fileRef = FCBDE1E620363F2B004A3289 /* AppDelegate.swift */; };
		FCBDE1E920363F2B004A3289 /* ViewController.swift in Sources */ = {isa = PBXBuildFile; fileRef = FCBDE1E820363F2B004A3289 /* ViewController.swift */; };
		FCBDE1EB20363F2B004A3289 /* Assets.xcassets in Resources */ = {isa = PBXBuildFile; fileRef = FCBDE1EA20363F2B004A3289 /* Assets.xcassets */; };
		FCBDE1EE20363F2B004A3289 /* Main.storyboard in Resources */ = {isa = PBXBuildFile; fileRef = FCBDE1EC20363F2B004A3289 /* Main.storyboard */; };
/* End PBXBuildFile section */

/* Begin PBXFileReference section */
		FCBDE1E320363F2B004A3289 /* AppEjercicio3Alumno.app */ = {isa = PBXFileReference; explicitFileType = wrapper.application; includeInIndex = 0; path = AppEjercicio3Alumno.app; sourceTree = BUILT_PRODUCTS_DIR; };
		FCBDE1E620363F2B004A3289 /* AppDelegate.swift */ = {isa = PBXFileReference; lastKnownFileType = sourcecode.swift; path = AppDelegate.swift; sourceTree = "<group>"; };
		FCBDE1E820363F2B004A3289 /* ViewController.swift */ = {isa = PBXFileReference; lastKnownFileType = sourcecode.swift; path = ViewController.swift; sourceTree = "<group>"; };
		FCBDE1EA20363F2B004A3289 /* Assets.xcassets */ = {isa = PBXFileReference; lastKnownFileType = folder.assetcatalog; path = Assets.xcassets; sourceTree = "<group>"; };
		FCBDE1ED20363F2B004A3289 /* Base */ = {isa = PBXFileReference; lastKnownFileType = file.storyboard; name = Base; path = Base.lproj/Main.storyboard; sourceTree = "<group>"; };
		FCBDE1EF20363F2C004A3289 /* Info.plist */ = {isa = PBXFileReference; lastKnownFileType = text.plist.xml; path = Info.plist; sourceTree = "<group>"; };
		FCBDE1F020363F2C004A3289 /* AppEjercicio3Alumno.entitlements */ = {isa = PBXFileReference; lastKnownFileType = text.plist.entitlements; path = AppEjercicio3Alumno.entitlements; sourceTree = "<group>"; };
/* End PBXFileReference section */

/* Begin PBXFrameworksBuildPhase section */
		FCBDE1E020363F2B004A3289 /* Frameworks */ = {
			isa = PBXFrameworksBuildPhase;
			buildActionMask = 2147483647;
			files = (
			);
			runOnlyForDeploymentPostprocessing = 0;
		};
/* End PBXFrameworksBuildPhase section */

/* Begin PBXGroup section */
		FCBDE1DA20363F2B004A3289 = {
			isa = PBXGroup;
			children = (
				FCBDE1E520363F2B004A3289 /* AppEjercicio3Alumno */,
				FCBDE1E420363F2B004A3289 /* Products */,
			);
			sourceTree = "<group>";
		};
		FCBDE1E420363F2B004A3289 /* Products */ = {
			isa = PBXGroup;
			children = (
				FCBDE1E320363F2B004A3289 /* AppEjercicio3Alumno.app */,
			);
			name = Products;
			sourceTree = "<group>";
		};
		FCBDE1E520363F2B004A3289 /* AppEjercicio3Alumno */ = {
			isa = PBXGroup;
			children = (
				FCBDE1E620363F2B004A3289 /* AppDelegate.swift */,
				FCBDE1E820363F2B004A3289 /* ViewController.swift */,
				FCBDE1EA20363F2B004A3289 /* Assets.xcassets */,
				FCBDE1EC20363F2B004A3289 /* Main.storyboard */,
				FCBDE1EF20363F2C004A3289 /* Info.plist */,
				FCBDE1F020363F2C004A3289 /* AppEjercicio3Alumno.entitlements */,
			);
			path = AppEjercicio3Alumno;
			sourceTree = "<group>";
		};
/* End PBXGroup section */

/* Begin PBXNativeTarget section */
		FCBDE1E220363F2B004A3289 /* AppEjercicio3Alumno */ = {
			isa = PBXNativeTarget;
			buildConfigurationList = FCBDE1F320363F2C004A3289 /* Build configuration list for PBXNativeTarget "AppEjercicio3Alumno" */;
			buildPhases = (
				FCBDE1DF20363F2B004A3289 /* Sources */,
				FCBDE1E020363F2B004A3289 /* Frameworks */,
				FCBDE1E120363F2B004A3289 /* Resources */,
			);
			buildRules = (
			);
			dependencies = (
			);
			name = AppEjercicio3Alumno;
			productName = AppEjercicio3Alumno;
			productReference = FCBDE1E320363F2B004A3289 /* AppEjercicio3Alumno.app */;
			productType = "com.apple.product-type.application";
		};
/* End PBXNativeTarget section */

/* Begin PBXProject section */
		FCBDE1DB20363F2B004A3289 /* Project object */ = {
			isa = PBXProject;
			attributes = {
				LastSwiftUpdateCheck = 0920;
				LastUpgradeCheck = 0920;
				ORGANIZATIONNAME = "Felipe Hernandez";
				TargetAttributes = {
					FCBDE1E220363F2B004A3289 = {
						CreatedOnToolsVersion = 9.2;
						ProvisioningStyle = Automatic;
					};
				};
			};
			buildConfigurationList = FCBDE1DE20363F2B004A3289 /* Build configuration list for PBXProject "AppEjercicio3Alumno" */;
			compatibilityVersion = "Xcode 8.0";
			developmentRegion = en;
			hasScannedForEncodings = 0;
			knownRegions = (
				en,
				Base,
			);
			mainGroup = FCBDE1DA20363F2B004A3289;
			productRefGroup = FCBDE1E420363F2B004A3289 /* Products */;
			projectDirPath = "";
			projectRoot = "";
			targets = (
				FCBDE1E220363F2B004A3289 /* AppEjercicio3Alumno */,
			);
		};
/* End PBXProject section */

/* Begin PBXResourcesBuildPhase section */
		FCBDE1E120363F2B004A3289 /* Resources */ = {
			isa = PBXResourcesBuildPhase;
			buildActionMask = 2147483647;
			files = (
				FCBDE1EB20363F2B004A3289 /* Assets.xcassets in Resources */,
				FCBDE1EE20363F2B004A3289 /* Main.storyboard in Resources */,
			);
			runOnlyForDeploymentPostprocessing = 0;
		};
/* End PBXResourcesBuildPhase section */

/* Begin PBXSourcesBuildPhase section */
		FCBDE1DF20363F2B004A3289 /* Sources */ = {
			isa = PBXSourcesBuildPhase;
			buildActionMask = 2147483647;
			files = (
				FCBDE1E920363F2B004A3289 /* ViewController.swift in Sources */,
				FCBDE1E720363F2B004A3289 /* AppDelegate.swift in Sources */,
			);
			runOnlyForDeploymentPostprocessing = 0;
		};
/* End PBXSourcesBuildPhase section */

/* Begin PBXVariantGroup section */
		FCBDE1EC20363F2B004A3289 /* Main.storyboard */ = {
			isa = PBXVariantGroup;
			children = (
				FCBDE1ED20363F2B004A3289 /* Base */,
			);
			name = Main.storyboard;
			sourceTree = "<group>";
		};
/* End PBXVariantGroup section */

/* Begin XCBuildConfiguration section */
		FCBDE1F120363F2C004A3289 /* Debug */ = {
			isa = XCBuildConfiguration;
			buildSettings = {
				ALWAYS_SEARCH_USER_PATHS = NO;
				CLANG_ANALYZER_NONNULL = YES;
				CLANG_ANALYZER_NUMBER_OBJECT_CONVERSION = YES_AGGRESSIVE;
				CLANG_CXX_LANGUAGE_STANDARD = "gnu++14";
				CLANG_CXX_LIBRARY = "libc++";
				CLANG_ENABLE_MODULES = YES;
				CLANG_ENABLE_OBJC_ARC = YES;
				CLANG_WARN_BLOCK_CAPTURE_AUTORELEASING = YES;
				CLANG_WARN_BOOL_CONVERSION = YES;
				CLANG_WARN_COMMA = YES;
				CLANG_WARN_CONSTANT_CONVERSION = YES;
				CLANG_WARN_DIRECT_OBJC_ISA_USAGE = YES_ERROR;
				CLANG_WARN_DOCUMENTATION_COMMENTS = YES;
				CLANG_WARN_EMPTY_BODY = YES;
				CLANG_WARN_ENUM_CONVERSION = YES;
				CLANG_WARN_INFINITE_RECURSION = YES;
				CLANG_WARN_INT_CONVERSION = YES;
				CLANG_WARN_NON_LITERAL_NULL_CONVERSION = YES;
				CLANG_WARN_OBJC_LITERAL_CONVERSION = YES;
				CLANG_WARN_OBJC_ROOT_CLASS = YES_ERROR;
				CLANG_WARN_RANGE_LOOP_ANALYSIS = YES;
				CLANG_WARN_STRICT_PROTOTYPES = YES;
				CLANG_WARN_SUSPICIOUS_MOVE = YES;
				CLANG_WARN_UNGUARDED_AVAILABILITY = YES_AGGRESSIVE;
				CLANG_WARN_UNREACHABLE_CODE = YES;
				CLANG_WARN__DUPLICATE_METHOD_MATCH = YES;
				CODE_SIGN_IDENTITY = "-";
				COPY_PHASE_STRIP = NO;
				DEBUG_INFORMATION_FORMAT = dwarf;
				ENABLE_STRICT_OBJC_MSGSEND = YES;
				ENABLE_TESTABILITY = YES;
				GCC_C_LANGUAGE_STANDARD = gnu11;
				GCC_DYNAMIC_NO_PIC = NO;
				GCC_NO_COMMON_BLOCKS = YES;
				GCC_OPTIMIZATION_LEVEL = 0;
				GCC_PREPROCESSOR_DEFINITIONS = (
					"DEBUG=1",
					"$(inherited)",
				);
				GCC_WARN_64_TO_32_BIT_CONVERSION = YES;
				GCC_WARN_ABOUT_RETURN_TYPE = YES_ERROR;
				GCC_WARN_UNDECLARED_SELECTOR = YES;
				GCC_WARN_UNINITIALIZED_AUTOS = YES_AGGRESSIVE;
				GCC_WARN_UNUSED_FUNCTION = YES;
				GCC_WARN_UNUSED_VARIABLE = YES;
				MACOSX_DEPLOYMENT_TARGET = 10.13;
				MTL_ENABLE_DEBUG_INFO = YES;
				ONLY_ACTIVE_ARCH = YES;
				SDKROOT = macosx;
				SWIFT_ACTIVE_COMPILATION_CONDITIONS = DEBUG;
				SWIFT_OPTIMIZATION_LEVEL = "-Onone";
			};
			name = Debug;
		};
		FCBDE1F220363F2C004A3289 /* Release */ = {
			isa = XCBuildConfiguration;
			buildSettings = {
				ALWAYS_SEARCH_USER_PATHS = NO;
				CLANG_ANALYZER_NONNULL = YES;
				CLANG_ANALYZER_NUMBER_OBJECT_CONVERSION = YES_AGGRESSIVE;
				CLANG_CXX_LANGUAGE_STANDARD = "gnu++14";
				CLANG_CXX_LIBRARY = "libc++";
				CLANG_ENABLE_MODULES = YES;
				CLANG_ENABLE_OBJC_ARC = YES;
				CLANG_WARN_BLOCK_CAPTURE_AUTORELEASING = YES;
				CLANG_WARN_BOOL_CONVERSION = YES;
				CLANG_WARN_COMMA = YES;
				CLANG_WARN_CONSTANT_CONVERSION = YES;
				CLANG_WARN_DIRECT_OBJC_ISA_USAGE = YES_ERROR;
				CLANG_WARN_DOCUMENTATION_COMMENTS = YES;
				CLANG_WARN_EMPTY_BODY = YES;
				CLANG_WARN_ENUM_CONVERSION = YES;
				CLANG_WARN_INFINITE_RECURSION = YES;
				CLANG_WARN_INT_CONVERSION = YES;
				CLANG_WARN_NON_LITERAL_NULL_CONVERSION = YES;
				CLANG_WARN_OBJC_LITERAL_CONVERSION = YES;
				CLANG_WARN_OBJC_ROOT_CLASS = YES_ERROR;
				CLANG_WARN_RANGE_LOOP_ANALYSIS = YES;
				CLANG_WARN_STRICT_PROTOTYPES = YES;
				CLANG_WARN_SUSPICIOUS_MOVE = YES;
				CLANG_WARN_UNGUARDED_AVAILABILITY = YES_AGGRESSIVE;
				CLANG_WARN_UNREACHABLE_CODE = YES;
				CLANG_WARN__DUPLICATE_METHOD_MATCH = YES;
				CODE_SIGN_IDENTITY = "-";
				COPY_PHASE_STRIP = NO;
				DEBUG_INFORMATION_FORMAT = "dwarf-with-dsym";
				ENABLE_NS_ASSERTIONS = NO;
				ENABLE_STRICT_OBJC_MSGSEND = YES;
				GCC_C_LANGUAGE_STANDARD = gnu11;
				GCC_NO_COMMON_BLOCKS = YES;
				GCC_WARN_64_TO_32_BIT_CONVERSION = YES;
				GCC_WARN_ABOUT_RETURN_TYPE = YES_ERROR;
				GCC_WARN_UNDECLARED_SELECTOR = YES;
				GCC_WARN_UNINITIALIZED_AUTOS = YES_AGGRESSIVE;
				GCC_WARN_UNUSED_FUNCTION = YES;
				GCC_WARN_UNUSED_VARIABLE = YES;
				MACOSX_DEPLOYMENT_TARGET = 10.13;
				MTL_ENABLE_DEBUG_INFO = NO;
				SDKROOT = macosx;
				SWIFT_OPTIMIZATION_LEVEL = "-Owholemodule";
			};
			name = Release;
		};
		FCBDE1F420363F2C004A3289 /* Debug */ = {
			isa = XCBuildConfiguration;
			buildSettings = {
				ASSETCATALOG_COMPILER_APPICON_NAME = AppIcon;
				CODE_SIGN_ENTITLEMENTS = AppEjercicio3Alumno/AppEjercicio3Alumno.entitlements;
				CODE_SIGN_STYLE = Automatic;
				COMBINE_HIDPI_IMAGES = YES;
				INFOPLIST_FILE = AppEjercicio3Alumno/Info.plist;
				LD_RUNPATH_SEARCH_PATHS = "$(inherited) @executable_path/../Frameworks";
				PRODUCT_BUNDLE_IDENTIFIER = com.felipe.AppEjercicio3Alumno;
				PRODUCT_NAME = "$(TARGET_NAME)";
				SWIFT_VERSION = 4.0;
			};
			name = Debug;
		};
		FCBDE1F520363F2C004A3289 /* Release */ = {
			isa = XCBuildConfiguration;
			buildSettings = {
				ASSETCATALOG_COMPILER_APPICON_NAME = AppIcon;
				CODE_SIGN_ENTITLEMENTS = AppEjercicio3Alumno/AppEjercicio3Alumno.entitlements;
				CODE_SIGN_STYLE = Automatic;
				COMBINE_HIDPI_IMAGES = YES;
				INFOPLIST_FILE = AppEjercicio3Alumno/Info.plist;
				LD_RUNPATH_SEARCH_PATHS = "$(inherited) @executable_path/../Frameworks";
				PRODUCT_BUNDLE_IDENTIFIER = com.felipe.AppEjercicio3Alumno;
				PRODUCT_NAME = "$(TARGET_NAME)";
				SWIFT_VERSION = 4.0;
			};
			name = Release;
		};
/* End XCBuildConfiguration section */

/* Begin XCConfigurationList section */
		FCBDE1DE20363F2B004A3289 /* Build configuration list for PBXProject "AppEjercicio3Alumno" */ = {
			isa = XCConfigurationList;
			buildConfigurations = (
				FCBDE1F120363F2C004A3289 /* Debug */,
				FCBDE1F220363F2C004A3289 /* Release */,
			);
			defaultConfigurationIsVisible = 0;
			defaultConfigurationName = Release;
		};
		FCBDE1F320363F2C004A3289 /* Build configuration list for PBXNativeTarget "AppEjercicio3Alumno" */ = {
			isa = XCConfigurationList;
			buildConfigurations = (
				FCBDE1F420363F2C004A3289 /* Debug */,
				FCBDE1F520363F2C004A3289 /* Release */,
			);
			defaultConfigurationIsVisible = 0;
			defaultConfigurationName = Release;
		};
/* End XCConfigurationList section */
	};
	rootObject = FCBDE1DB20363F2B004A3289 /* Project object */;
}
