// !$*UTF8*$!
{
	archiveVersion = 1;
	classes = {
	};
	objectVersion = 48;
	objects = {

/* Begin PBXBuildFile section */
		FCB25650203E3AB700D6582C /* AppDelegate.swift in Sources */ = {isa = PBXBuildFile; fileRef = FCB2564F203E3AB700D6582C /* AppDelegate.swift */; };
		FCB25652203E3AB700D6582C /* ViewController.swift in Sources */ = {isa = PBXBuildFile; fileRef = FCB25651203E3AB700D6582C /* ViewController.swift */; };
		FCB25654203E3AB700D6582C /* Assets.xcassets in Resources */ = {isa = PBXBuildFile; fileRef = FCB25653203E3AB700D6582C /* Assets.xcassets */; };
		FCB25657203E3AB700D6582C /* Main.storyboard in Resources */ = {isa = PBXBuildFile; fileRef = FCB25655203E3AB700D6582C /* Main.storyboard */; };
/* End PBXBuildFile section */

/* Begin PBXFileReference section */
		FCB2564C203E3AB700D6582C /* AppEjercicio5.app */ = {isa = PBXFileReference; explicitFileType = wrapper.application; includeInIndex = 0; path = AppEjercicio5.app; sourceTree = BUILT_PRODUCTS_DIR; };
		FCB2564F203E3AB700D6582C /* AppDelegate.swift */ = {isa = PBXFileReference; lastKnownFileType = sourcecode.swift; path = AppDelegate.swift; sourceTree = "<group>"; };
		FCB25651203E3AB700D6582C /* ViewController.swift */ = {isa = PBXFileReference; lastKnownFileType = sourcecode.swift; path = ViewController.swift; sourceTree = "<group>"; };
		FCB25653203E3AB700D6582C /* Assets.xcassets */ = {isa = PBXFileReference; lastKnownFileType = folder.assetcatalog; path = Assets.xcassets; sourceTree = "<group>"; };
		FCB25656203E3AB700D6582C /* Base */ = {isa = PBXFileReference; lastKnownFileType = file.storyboard; name = Base; path = Base.lproj/Main.storyboard; sourceTree = "<group>"; };
		FCB25658203E3AB700D6582C /* Info.plist */ = {isa = PBXFileReference; lastKnownFileType = text.plist.xml; path = Info.plist; sourceTree = "<group>"; };
		FCB25659203E3AB700D6582C /* AppEjercicio5.entitlements */ = {isa = PBXFileReference; lastKnownFileType = text.plist.entitlements; path = AppEjercicio5.entitlements; sourceTree = "<group>"; };
/* End PBXFileReference section */

/* Begin PBXFrameworksBuildPhase section */
		FCB25649203E3AB700D6582C /* Frameworks */ = {
			isa = PBXFrameworksBuildPhase;
			buildActionMask = 2147483647;
			files = (
			);
			runOnlyForDeploymentPostprocessing = 0;
		};
/* End PBXFrameworksBuildPhase section */

/* Begin PBXGroup section */
		FCB25643203E3AB700D6582C = {
			isa = PBXGroup;
			children = (
				FCB2564E203E3AB700D6582C /* AppEjercicio5 */,
				FCB2564D203E3AB700D6582C /* Products */,
			);
			sourceTree = "<group>";
		};
		FCB2564D203E3AB700D6582C /* Products */ = {
			isa = PBXGroup;
			children = (
				FCB2564C203E3AB700D6582C /* AppEjercicio5.app */,
			);
			name = Products;
			sourceTree = "<group>";
		};
		FCB2564E203E3AB700D6582C /* AppEjercicio5 */ = {
			isa = PBXGroup;
			children = (
				FCB2564F203E3AB700D6582C /* AppDelegate.swift */,
				FCB25651203E3AB700D6582C /* ViewController.swift */,
				FCB25653203E3AB700D6582C /* Assets.xcassets */,
				FCB25655203E3AB700D6582C /* Main.storyboard */,
				FCB25658203E3AB700D6582C /* Info.plist */,
				FCB25659203E3AB700D6582C /* AppEjercicio5.entitlements */,
			);
			path = AppEjercicio5;
			sourceTree = "<group>";
		};
/* End PBXGroup section */

/* Begin PBXNativeTarget section */
		FCB2564B203E3AB700D6582C /* AppEjercicio5 */ = {
			isa = PBXNativeTarget;
			buildConfigurationList = FCB2565C203E3AB700D6582C /* Build configuration list for PBXNativeTarget "AppEjercicio5" */;
			buildPhases = (
				FCB25648203E3AB700D6582C /* Sources */,
				FCB25649203E3AB700D6582C /* Frameworks */,
				FCB2564A203E3AB700D6582C /* Resources */,
			);
			buildRules = (
			);
			dependencies = (
			);
			name = AppEjercicio5;
			productName = AppEjercicio5;
			productReference = FCB2564C203E3AB700D6582C /* AppEjercicio5.app */;
			productType = "com.apple.product-type.application";
		};
/* End PBXNativeTarget section */

/* Begin PBXProject section */
		FCB25644203E3AB700D6582C /* Project object */ = {
			isa = PBXProject;
			attributes = {
				LastSwiftUpdateCheck = 0920;
				LastUpgradeCheck = 0920;
				ORGANIZATIONNAME = "Felipe Hernandez";
				TargetAttributes = {
					FCB2564B203E3AB700D6582C = {
						CreatedOnToolsVersion = 9.2;
						ProvisioningStyle = Automatic;
					};
				};
			};
			buildConfigurationList = FCB25647203E3AB700D6582C /* Build configuration list for PBXProject "AppEjercicio5" */;
			compatibilityVersion = "Xcode 8.0";
			developmentRegion = en;
			hasScannedForEncodings = 0;
			knownRegions = (
				en,
				Base,
			);
			mainGroup = FCB25643203E3AB700D6582C;
			productRefGroup = FCB2564D203E3AB700D6582C /* Products */;
			projectDirPath = "";
			projectRoot = "";
			targets = (
				FCB2564B203E3AB700D6582C /* AppEjercicio5 */,
			);
		};
/* End PBXProject section */

/* Begin PBXResourcesBuildPhase section */
		FCB2564A203E3AB700D6582C /* Resources */ = {
			isa = PBXResourcesBuildPhase;
			buildActionMask = 2147483647;
			files = (
				FCB25654203E3AB700D6582C /* Assets.xcassets in Resources */,
				FCB25657203E3AB700D6582C /* Main.storyboard in Resources */,
			);
			runOnlyForDeploymentPostprocessing = 0;
		};
/* End PBXResourcesBuildPhase section */

/* Begin PBXSourcesBuildPhase section */
		FCB25648203E3AB700D6582C /* Sources */ = {
			isa = PBXSourcesBuildPhase;
			buildActionMask = 2147483647;
			files = (
				FCB25652203E3AB700D6582C /* ViewController.swift in Sources */,
				FCB25650203E3AB700D6582C /* AppDelegate.swift in Sources */,
			);
			runOnlyForDeploymentPostprocessing = 0;
		};
/* End PBXSourcesBuildPhase section */

/* Begin PBXVariantGroup section */
		FCB25655203E3AB700D6582C /* Main.storyboard */ = {
			isa = PBXVariantGroup;
			children = (
				FCB25656203E3AB700D6582C /* Base */,
			);
			name = Main.storyboard;
			sourceTree = "<group>";
		};
/* End PBXVariantGroup section */

/* Begin XCBuildConfiguration section */
		FCB2565A203E3AB700D6582C /* Debug */ = {
			isa = XCBuildConfiguration;
			buildSettings = {
				ALWAYS_SEARCH_USER_PATHS = NO;
				CLANG_ANALYZER_NONNULL = YES;
				CLANG_ANALYZER_NUMBER_OBJECT_CONVERSION = YES_AGGRESSIVE;
				CLANG_CXX_LANGUAGE_STANDARD = "gnu++14";
				CLANG_CXX_LIBRARY = "libc++";
				CLANG_ENABLE_MODULES = YES;
				CLANG_ENABLE_OBJC_ARC = YES;
				CLANG_WARN_BLOCK_CAPTURE_AUTORELEASING = YES;
				CLANG_WARN_BOOL_CONVERSION = YES;
				CLANG_WARN_COMMA = YES;
				CLANG_WARN_CONSTANT_CONVERSION = YES;
				CLANG_WARN_DIRECT_OBJC_ISA_USAGE = YES_ERROR;
				CLANG_WARN_DOCUMENTATION_COMMENTS = YES;
				CLANG_WARN_EMPTY_BODY = YES;
				CLANG_WARN_ENUM_CONVERSION = YES;
				CLANG_WARN_INFINITE_RECURSION = YES;
				CLANG_WARN_INT_CONVERSION = YES;
				CLANG_WARN_NON_LITERAL_NULL_CONVERSION = YES;
				CLANG_WARN_OBJC_LITERAL_CONVERSION = YES;
				CLANG_WARN_OBJC_ROOT_CLASS = YES_ERROR;
				CLANG_WARN_RANGE_LOOP_ANALYSIS = YES;
				CLANG_WARN_STRICT_PROTOTYPES = YES;
				CLANG_WARN_SUSPICIOUS_MOVE = YES;
				CLANG_WARN_UNGUARDED_AVAILABILITY = YES_AGGRESSIVE;
				CLANG_WARN_UNREACHABLE_CODE = YES;
				CLANG_WARN__DUPLICATE_METHOD_MATCH = YES;
				CODE_SIGN_IDENTITY = "-";
				COPY_PHASE_STRIP = NO;
				DEBUG_INFORMATION_FORMAT = dwarf;
				ENABLE_STRICT_OBJC_MSGSEND = YES;
				ENABLE_TESTABILITY = YES;
				GCC_C_LANGUAGE_STANDARD = gnu11;
				GCC_DYNAMIC_NO_PIC = NO;
				GCC_NO_COMMON_BLOCKS = YES;
				GCC_OPTIMIZATION_LEVEL = 0;
				GCC_PREPROCESSOR_DEFINITIONS = (
					"DEBUG=1",
					"$(inherited)",
				);
				GCC_WARN_64_TO_32_BIT_CONVERSION = YES;
				GCC_WARN_ABOUT_RETURN_TYPE = YES_ERROR;
				GCC_WARN_UNDECLARED_SELECTOR = YES;
				GCC_WARN_UNINITIALIZED_AUTOS = YES_AGGRESSIVE;
				GCC_WARN_UNUSED_FUNCTION = YES;
				GCC_WARN_UNUSED_VARIABLE = YES;
				MACOSX_DEPLOYMENT_TARGET = 10.13;
				MTL_ENABLE_DEBUG_INFO = YES;
				ONLY_ACTIVE_ARCH = YES;
				SDKROOT = macosx;
				SWIFT_ACTIVE_COMPILATION_CONDITIONS = DEBUG;
				SWIFT_OPTIMIZATION_LEVEL = "-Onone";
			};
			name = Debug;
		};
		FCB2565B203E3AB700D6582C /* Release */ = {
			isa = XCBuildConfiguration;
			buildSettings = {
				ALWAYS_SEARCH_USER_PATHS = NO;
				CLANG_ANALYZER_NONNULL = YES;
				CLANG_ANALYZER_NUMBER_OBJECT_CONVERSION = YES_AGGRESSIVE;
				CLANG_CXX_LANGUAGE_STANDARD = "gnu++14";
				CLANG_CXX_LIBRARY = "libc++";
				CLANG_ENABLE_MODULES = YES;
				CLANG_ENABLE_OBJC_ARC = YES;
				CLANG_WARN_BLOCK_CAPTURE_AUTORELEASING = YES;
				CLANG_WARN_BOOL_CONVERSION = YES;
				CLANG_WARN_COMMA = YES;
				CLANG_WARN_CONSTANT_CONVERSION = YES;
				CLANG_WARN_DIRECT_OBJC_ISA_USAGE = YES_ERROR;
				CLANG_WARN_DOCUMENTATION_COMMENTS = YES;
				CLANG_WARN_EMPTY_BODY = YES;
				CLANG_WARN_ENUM_CONVERSION = YES;
				CLANG_WARN_INFINITE_RECURSION = YES;
				CLANG_WARN_INT_CONVERSION = YES;
				CLANG_WARN_NON_LITERAL_NULL_CONVERSION = YES;
				CLANG_WARN_OBJC_LITERAL_CONVERSION = YES;
				CLANG_WARN_OBJC_ROOT_CLASS = YES_ERROR;
				CLANG_WARN_RANGE_LOOP_ANALYSIS = YES;
				CLANG_WARN_STRICT_PROTOTYPES = YES;
				CLANG_WARN_SUSPICIOUS_MOVE = YES;
				CLANG_WARN_UNGUARDED_AVAILABILITY = YES_AGGRESSIVE;
				CLANG_WARN_UNREACHABLE_CODE = YES;
				CLANG_WARN__DUPLICATE_METHOD_MATCH = YES;
				CODE_SIGN_IDENTITY = "-";
				COPY_PHASE_STRIP = NO;
				DEBUG_INFORMATION_FORMAT = "dwarf-with-dsym";
				ENABLE_NS_ASSERTIONS = NO;
				ENABLE_STRICT_OBJC_MSGSEND = YES;
				GCC_C_LANGUAGE_STANDARD = gnu11;
				GCC_NO_COMMON_BLOCKS = YES;
				GCC_WARN_64_TO_32_BIT_CONVERSION = YES;
				GCC_WARN_ABOUT_RETURN_TYPE = YES_ERROR;
				GCC_WARN_UNDECLARED_SELECTOR = YES;
				GCC_WARN_UNINITIALIZED_AUTOS = YES_AGGRESSIVE;
				GCC_WARN_UNUSED_FUNCTION = YES;
				GCC_WARN_UNUSED_VARIABLE = YES;
				MACOSX_DEPLOYMENT_TARGET = 10.13;
				MTL_ENABLE_DEBUG_INFO = NO;
				SDKROOT = macosx;
				SWIFT_OPTIMIZATION_LEVEL = "-Owholemodule";
			};
			name = Release;
		};
		FCB2565D203E3AB700D6582C /* Debug */ = {
			isa = XCBuildConfiguration;
			buildSettings = {
				ASSETCATALOG_COMPILER_APPICON_NAME = AppIcon;
				CODE_SIGN_ENTITLEMENTS = AppEjercicio5/AppEjercicio5.entitlements;
				CODE_SIGN_STYLE = Automatic;
				COMBINE_HIDPI_IMAGES = YES;
				INFOPLIST_FILE = AppEjercicio5/Info.plist;
				LD_RUNPATH_SEARCH_PATHS = "$(inherited) @executable_path/../Frameworks";
				PRODUCT_BUNDLE_IDENTIFIER = com.felipe.AppEjercicio5;
				PRODUCT_NAME = "$(TARGET_NAME)";
				SWIFT_VERSION = 4.0;
			};
			name = Debug;
		};
		FCB2565E203E3AB700D6582C /* Release */ = {
			isa = XCBuildConfiguration;
			buildSettings = {
				ASSETCATALOG_COMPILER_APPICON_NAME = AppIcon;
				CODE_SIGN_ENTITLEMENTS = AppEjercicio5/AppEjercicio5.entitlements;
				CODE_SIGN_STYLE = Automatic;
				COMBINE_HIDPI_IMAGES = YES;
				INFOPLIST_FILE = AppEjercicio5/Info.plist;
				LD_RUNPATH_SEARCH_PATHS = "$(inherited) @executable_path/../Frameworks";
				PRODUCT_BUNDLE_IDENTIFIER = com.felipe.AppEjercicio5;
				PRODUCT_NAME = "$(TARGET_NAME)";
				SWIFT_VERSION = 4.0;
			};
			name = Release;
		};
/* End XCBuildConfiguration section */

/* Begin XCConfigurationList section */
		FCB25647203E3AB700D6582C /* Build configuration list for PBXProject "AppEjercicio5" */ = {
			isa = XCConfigurationList;
			buildConfigurations = (
				FCB2565A203E3AB700D6582C /* Debug */,
				FCB2565B203E3AB700D6582C /* Release */,
			);
			defaultConfigurationIsVisible = 0;
			defaultConfigurationName = Release;
		};
		FCB2565C203E3AB700D6582C /* Build configuration list for PBXNativeTarget "AppEjercicio5" */ = {
			isa = XCConfigurationList;
			buildConfigurations = (
				FCB2565D203E3AB700D6582C /* Debug */,
				FCB2565E203E3AB700D6582C /* Release */,
			);
			defaultConfigurationIsVisible = 0;
			defaultConfigurationName = Release;
		};
/* End XCConfigurationList section */
	};
	rootObject = FCB25644203E3AB700D6582C /* Project object */;
}
